// !$*UTF8*$!
{
	archiveVersion = 1;
	classes = {
	};
	objectVersion = 46;
	objects = {

/* Begin PBXBuildFile section */
		631E81C01EED87DB0077E99E /* ArrayExt.swift in Sources */ = {isa = PBXBuildFile; fileRef = 631E81BF1EED87DB0077E99E /* ArrayExt.swift */; };
		6341EF271EE91A9800FF119F /* Assets.xcassets in Resources */ = {isa = PBXBuildFile; fileRef = 6341EF201EE91A9800FF119F /* Assets.xcassets */; };
		6341EF2E1EE91B2300FF119F /* LaunchScreen.storyboard in Resources */ = {isa = PBXBuildFile; fileRef = 6341EF2B1EE91B2300FF119F /* LaunchScreen.storyboard */; };
		6341EF2F1EE91B2300FF119F /* Main.storyboard in Resources */ = {isa = PBXBuildFile; fileRef = 6341EF2C1EE91B2300FF119F /* Main.storyboard */; };
		6341EF301EE91B2300FF119F /* YJExtensionsGather-Info.plist in Resources */ = {isa = PBXBuildFile; fileRef = 6341EF2D1EE91B2300FF119F /* YJExtensionsGather-Info.plist */; };
		638494E91EEBA2FF00DA08F1 /* DateExt.swift in Sources */ = {isa = PBXBuildFile; fileRef = 638494D81EEBA2FF00DA08F1 /* DateExt.swift */; };
		638494EA1EEBA2FF00DA08F1 /* DispatchQueueExt.swift in Sources */ = {isa = PBXBuildFile; fileRef = 638494D91EEBA2FF00DA08F1 /* DispatchQueueExt.swift */; };
		638494EB1EEBA2FF00DA08F1 /* NSObjectExt.swift in Sources */ = {isa = PBXBuildFile; fileRef = 638494DA1EEBA2FF00DA08F1 /* NSObjectExt.swift */; };
		638494EC1EEBA2FF00DA08F1 /* StringExtension.swift in Sources */ = {isa = PBXBuildFile; fileRef = 638494DB1EEBA2FF00DA08F1 /* StringExtension.swift */; };
		638494ED1EEBA2FF00DA08F1 /* YJBundleExt.swift in Sources */ = {isa = PBXBuildFile; fileRef = 638494DC1EEBA2FF00DA08F1 /* YJBundleExt.swift */; };
		638494EE1EEBA2FF00DA08F1 /* YJKVObservingExtension.swift in Sources */ = {isa = PBXBuildFile; fileRef = 638494DD1EEBA2FF00DA08F1 /* YJKVObservingExtension.swift */; };
		638494EF1EEBA2FF00DA08F1 /* UIAlertControllerExt.swift in Sources */ = {isa = PBXBuildFile; fileRef = 638494DF1EEBA2FF00DA08F1 /* UIAlertControllerExt.swift */; };
		638494F01EEBA2FF00DA08F1 /* UIBarButtonItemExtension.swift in Sources */ = {isa = PBXBuildFile; fileRef = 638494E01EEBA2FF00DA08F1 /* UIBarButtonItemExtension.swift */; };
		638494F11EEBA2FF00DA08F1 /* UIColorExtension.swift in Sources */ = {isa = PBXBuildFile; fileRef = 638494E11EEBA2FF00DA08F1 /* UIColorExtension.swift */; };
		638494F21EEBA2FF00DA08F1 /* UINavigationBarExt.swift in Sources */ = {isa = PBXBuildFile; fileRef = 638494E21EEBA2FF00DA08F1 /* UINavigationBarExt.swift */; };
		638494F31EEBA2FF00DA08F1 /* UINavigationControllerExt.swift in Sources */ = {isa = PBXBuildFile; fileRef = 638494E31EEBA2FF00DA08F1 /* UINavigationControllerExt.swift */; };
		638494F41EEBA2FF00DA08F1 /* UIResponderExtension.swift in Sources */ = {isa = PBXBuildFile; fileRef = 638494E41EEBA2FF00DA08F1 /* UIResponderExtension.swift */; };
		638494F51EEBA2FF00DA08F1 /* UIScrollViewExtension.swift in Sources */ = {isa = PBXBuildFile; fileRef = 638494E51EEBA2FF00DA08F1 /* UIScrollViewExtension.swift */; };
		638494F61EEBA2FF00DA08F1 /* UITextFieldExtension.swift in Sources */ = {isa = PBXBuildFile; fileRef = 638494E61EEBA2FF00DA08F1 /* UITextFieldExtension.swift */; };
		638494F71EEBA2FF00DA08F1 /* UIViewControllerExtension.swift in Sources */ = {isa = PBXBuildFile; fileRef = 638494E71EEBA2FF00DA08F1 /* UIViewControllerExtension.swift */; };
		638494F81EEBA2FF00DA08F1 /* UIViewExtension.swift in Sources */ = {isa = PBXBuildFile; fileRef = 638494E81EEBA2FF00DA08F1 /* UIViewExtension.swift */; };
		638494FA1EEBA63400DA08F1 /* YJSwiftExtensions.swift in Sources */ = {isa = PBXBuildFile; fileRef = 638494F91EEBA63400DA08F1 /* YJSwiftExtensions.swift */; };
		63B5685E1E7A3E0400B2115E /* AppDelegate.swift in Sources */ = {isa = PBXBuildFile; fileRef = 63B5685D1E7A3E0400B2115E /* AppDelegate.swift */; };
		63B568601E7A3E0400B2115E /* ViewController.swift in Sources */ = {isa = PBXBuildFile; fileRef = 63B5685F1E7A3E0400B2115E /* ViewController.swift */; };
		63F2ADC81ED28DA400B4BC89 /* SubViewController.swift in Sources */ = {isa = PBXBuildFile; fileRef = 63F2ADC71ED28DA400B4BC89 /* SubViewController.swift */; };
/* End PBXBuildFile section */

/* Begin PBXFileReference section */
		631E81BF1EED87DB0077E99E /* ArrayExt.swift */ = {isa = PBXFileReference; fileEncoding = 4; lastKnownFileType = sourcecode.swift; path = ArrayExt.swift; sourceTree = "<group>"; };
		6341EF201EE91A9800FF119F /* Assets.xcassets */ = {isa = PBXFileReference; lastKnownFileType = folder.assetcatalog; path = Assets.xcassets; sourceTree = "<group>"; };
		6341EF2B1EE91B2300FF119F /* LaunchScreen.storyboard */ = {isa = PBXFileReference; fileEncoding = 4; lastKnownFileType = file.storyboard; path = LaunchScreen.storyboard; sourceTree = "<group>"; };
		6341EF2C1EE91B2300FF119F /* Main.storyboard */ = {isa = PBXFileReference; fileEncoding = 4; lastKnownFileType = file.storyboard; path = Main.storyboard; sourceTree = "<group>"; };
		6341EF2D1EE91B2300FF119F /* YJExtensionsGather-Info.plist */ = {isa = PBXFileReference; fileEncoding = 4; lastKnownFileType = text.plist.xml; path = "YJExtensionsGather-Info.plist"; sourceTree = "<group>"; };
		638494D81EEBA2FF00DA08F1 /* DateExt.swift */ = {isa = PBXFileReference; fileEncoding = 4; lastKnownFileType = sourcecode.swift; path = DateExt.swift; sourceTree = "<group>"; };
		638494D91EEBA2FF00DA08F1 /* DispatchQueueExt.swift */ = {isa = PBXFileReference; fileEncoding = 4; lastKnownFileType = sourcecode.swift; path = DispatchQueueExt.swift; sourceTree = "<group>"; };
		638494DA1EEBA2FF00DA08F1 /* NSObjectExt.swift */ = {isa = PBXFileReference; fileEncoding = 4; lastKnownFileType = sourcecode.swift; path = NSObjectExt.swift; sourceTree = "<group>"; };
		638494DB1EEBA2FF00DA08F1 /* StringExtension.swift */ = {isa = PBXFileReference; fileEncoding = 4; lastKnownFileType = sourcecode.swift; path = StringExtension.swift; sourceTree = "<group>"; };
		638494DC1EEBA2FF00DA08F1 /* YJBundleExt.swift */ = {isa = PBXFileReference; fileEncoding = 4; lastKnownFileType = sourcecode.swift; path = YJBundleExt.swift; sourceTree = "<group>"; };
		638494DD1EEBA2FF00DA08F1 /* YJKVObservingExtension.swift */ = {isa = PBXFileReference; fileEncoding = 4; lastKnownFileType = sourcecode.swift; path = YJKVObservingExtension.swift; sourceTree = "<group>"; };
		638494DF1EEBA2FF00DA08F1 /* UIAlertControllerExt.swift */ = {isa = PBXFileReference; fileEncoding = 4; lastKnownFileType = sourcecode.swift; path = UIAlertControllerExt.swift; sourceTree = "<group>"; };
		638494E01EEBA2FF00DA08F1 /* UIBarButtonItemExtension.swift */ = {isa = PBXFileReference; fileEncoding = 4; lastKnownFileType = sourcecode.swift; path = UIBarButtonItemExtension.swift; sourceTree = "<group>"; };
		638494E11EEBA2FF00DA08F1 /* UIColorExtension.swift */ = {isa = PBXFileReference; fileEncoding = 4; lastKnownFileType = sourcecode.swift; path = UIColorExtension.swift; sourceTree = "<group>"; };
		638494E21EEBA2FF00DA08F1 /* UINavigationBarExt.swift */ = {isa = PBXFileReference; fileEncoding = 4; lastKnownFileType = sourcecode.swift; path = UINavigationBarExt.swift; sourceTree = "<group>"; };
		638494E31EEBA2FF00DA08F1 /* UINavigationControllerExt.swift */ = {isa = PBXFileReference; fileEncoding = 4; lastKnownFileType = sourcecode.swift; path = UINavigationControllerExt.swift; sourceTree = "<group>"; };
		638494E41EEBA2FF00DA08F1 /* UIResponderExtension.swift */ = {isa = PBXFileReference; fileEncoding = 4; lastKnownFileType = sourcecode.swift; path = UIResponderExtension.swift; sourceTree = "<group>"; };
		638494E51EEBA2FF00DA08F1 /* UIScrollViewExtension.swift */ = {isa = PBXFileReference; fileEncoding = 4; lastKnownFileType = sourcecode.swift; path = UIScrollViewExtension.swift; sourceTree = "<group>"; };
		638494E61EEBA2FF00DA08F1 /* UITextFieldExtension.swift */ = {isa = PBXFileReference; fileEncoding = 4; lastKnownFileType = sourcecode.swift; path = UITextFieldExtension.swift; sourceTree = "<group>"; };
		638494E71EEBA2FF00DA08F1 /* UIViewControllerExtension.swift */ = {isa = PBXFileReference; fileEncoding = 4; lastKnownFileType = sourcecode.swift; path = UIViewControllerExtension.swift; sourceTree = "<group>"; };
		638494E81EEBA2FF00DA08F1 /* UIViewExtension.swift */ = {isa = PBXFileReference; fileEncoding = 4; lastKnownFileType = sourcecode.swift; path = UIViewExtension.swift; sourceTree = "<group>"; };
		638494F91EEBA63400DA08F1 /* YJSwiftExtensions.swift */ = {isa = PBXFileReference; fileEncoding = 4; lastKnownFileType = sourcecode.swift; path = YJSwiftExtensions.swift; sourceTree = "<group>"; };
		63B5685A1E7A3E0400B2115E /* YJExtensionsGather.app */ = {isa = PBXFileReference; explicitFileType = wrapper.application; includeInIndex = 0; path = YJExtensionsGather.app; sourceTree = BUILT_PRODUCTS_DIR; };
		63B5685D1E7A3E0400B2115E /* AppDelegate.swift */ = {isa = PBXFileReference; lastKnownFileType = sourcecode.swift; path = AppDelegate.swift; sourceTree = "<group>"; };
		63B5685F1E7A3E0400B2115E /* ViewController.swift */ = {isa = PBXFileReference; lastKnownFileType = sourcecode.swift; path = ViewController.swift; sourceTree = "<group>"; };
		63F2ADC71ED28DA400B4BC89 /* SubViewController.swift */ = {isa = PBXFileReference; fileEncoding = 4; lastKnownFileType = sourcecode.swift; path = SubViewController.swift; sourceTree = "<group>"; };
/* End PBXFileReference section */

/* Begin PBXFrameworksBuildPhase section */
		63B568571E7A3E0400B2115E /* Frameworks */ = {
			isa = PBXFrameworksBuildPhase;
			buildActionMask = 2147483647;
			files = (
			);
			runOnlyForDeploymentPostprocessing = 0;
		};
/* End PBXFrameworksBuildPhase section */

/* Begin PBXGroup section */
		638494D61EEBA2FF00DA08F1 /* YJSwiftExtensions */ = {
			isa = PBXGroup;
			children = (
				638494D71EEBA2FF00DA08F1 /* Foundation */,
				638494DE1EEBA2FF00DA08F1 /* UIKit */,
				638494F91EEBA63400DA08F1 /* YJSwiftExtensions.swift */,
			);
			path = YJSwiftExtensions;
			sourceTree = "<group>";
		};
		638494D71EEBA2FF00DA08F1 /* Foundation */ = {
			isa = PBXGroup;
			children = (
				638494D81EEBA2FF00DA08F1 /* DateExt.swift */,
				638494D91EEBA2FF00DA08F1 /* DispatchQueueExt.swift */,
				638494DA1EEBA2FF00DA08F1 /* NSObjectExt.swift */,
				638494DB1EEBA2FF00DA08F1 /* StringExtension.swift */,
				638494DC1EEBA2FF00DA08F1 /* YJBundleExt.swift */,
				638494DD1EEBA2FF00DA08F1 /* YJKVObservingExtension.swift */,
				631E81BF1EED87DB0077E99E /* ArrayExt.swift */,
			);
			path = Foundation;
			sourceTree = "<group>";
		};
		638494DE1EEBA2FF00DA08F1 /* UIKit */ = {
			isa = PBXGroup;
			children = (
				638494DF1EEBA2FF00DA08F1 /* UIAlertControllerExt.swift */,
				638494E01EEBA2FF00DA08F1 /* UIBarButtonItemExtension.swift */,
				638494E11EEBA2FF00DA08F1 /* UIColorExtension.swift */,
				638494E21EEBA2FF00DA08F1 /* UINavigationBarExt.swift */,
				638494E31EEBA2FF00DA08F1 /* UINavigationControllerExt.swift */,
				638494E41EEBA2FF00DA08F1 /* UIResponderExtension.swift */,
				638494E51EEBA2FF00DA08F1 /* UIScrollViewExtension.swift */,
				638494E61EEBA2FF00DA08F1 /* UITextFieldExtension.swift */,
				638494E71EEBA2FF00DA08F1 /* UIViewControllerExtension.swift */,
				638494E81EEBA2FF00DA08F1 /* UIViewExtension.swift */,
			);
			path = UIKit;
			sourceTree = "<group>";
		};
		63A5B7731E7A552C006EA999 /* SupportFiles */ = {
			isa = PBXGroup;
			children = (
				6341EF2B1EE91B2300FF119F /* LaunchScreen.storyboard */,
				6341EF2C1EE91B2300FF119F /* Main.storyboard */,
				6341EF2D1EE91B2300FF119F /* YJExtensionsGather-Info.plist */,
				6341EF201EE91A9800FF119F /* Assets.xcassets */,
			);
			path = SupportFiles;
			sourceTree = "<group>";
		};
		63B568511E7A3E0400B2115E = {
			isa = PBXGroup;
			children = (
				638494D61EEBA2FF00DA08F1 /* YJSwiftExtensions */,
				63B5685C1E7A3E0400B2115E /* YJExtensionsGather */,
				63B5685B1E7A3E0400B2115E /* Products */,
			);
			sourceTree = "<group>";
		};
		63B5685B1E7A3E0400B2115E /* Products */ = {
			isa = PBXGroup;
			children = (
				63B5685A1E7A3E0400B2115E /* YJExtensionsGather.app */,
			);
			name = Products;
			sourceTree = "<group>";
		};
		63B5685C1E7A3E0400B2115E /* YJExtensionsGather */ = {
			isa = PBXGroup;
			children = (
				63B5685D1E7A3E0400B2115E /* AppDelegate.swift */,
				63B5685F1E7A3E0400B2115E /* ViewController.swift */,
				63F2ADC71ED28DA400B4BC89 /* SubViewController.swift */,
				63A5B7731E7A552C006EA999 /* SupportFiles */,
			);
			path = YJExtensionsGather;
			sourceTree = "<group>";
		};
/* End PBXGroup section */

/* Begin PBXNativeTarget section */
		63B568591E7A3E0400B2115E /* YJExtensionsGather */ = {
			isa = PBXNativeTarget;
			buildConfigurationList = 63B5686C1E7A3E0400B2115E /* Build configuration list for PBXNativeTarget "YJExtensionsGather" */;
			buildPhases = (
				63B568561E7A3E0400B2115E /* Sources */,
				63B568571E7A3E0400B2115E /* Frameworks */,
				63B568581E7A3E0400B2115E /* Resources */,
			);
			buildRules = (
			);
			dependencies = (
			);
			name = YJExtensionsGather;
			productName = YJExtensionsGather;
			productReference = 63B5685A1E7A3E0400B2115E /* YJExtensionsGather.app */;
			productType = "com.apple.product-type.application";
		};
/* End PBXNativeTarget section */

/* Begin PBXProject section */
		63B568521E7A3E0400B2115E /* Project object */ = {
			isa = PBXProject;
			attributes = {
				LastSwiftUpdateCheck = 0800;
				LastUpgradeCheck = 0800;
				ORGANIZATIONNAME = "侯跃军 GitHub:https://github.com/YJManager/YJExtensions ";
				TargetAttributes = {
					63B568591E7A3E0400B2115E = {
						CreatedOnToolsVersion = 8.0;
						DevelopmentTeam = 33JZ8ZWGJN;
						ProvisioningStyle = Automatic;
					};
				};
			};
			buildConfigurationList = 63B568551E7A3E0400B2115E /* Build configuration list for PBXProject "YJExtensionsGather" */;
			compatibilityVersion = "Xcode 3.2";
			developmentRegion = English;
			hasScannedForEncodings = 0;
			knownRegions = (
				en,
				Base,
			);
			mainGroup = 63B568511E7A3E0400B2115E;
			productRefGroup = 63B5685B1E7A3E0400B2115E /* Products */;
			projectDirPath = "";
			projectRoot = "";
			targets = (
				63B568591E7A3E0400B2115E /* YJExtensionsGather */,
			);
		};
/* End PBXProject section */

/* Begin PBXResourcesBuildPhase section */
		63B568581E7A3E0400B2115E /* Resources */ = {
			isa = PBXResourcesBuildPhase;
			buildActionMask = 2147483647;
			files = (
				6341EF2F1EE91B2300FF119F /* Main.storyboard in Resources */,
				6341EF271EE91A9800FF119F /* Assets.xcassets in Resources */,
				6341EF301EE91B2300FF119F /* YJExtensionsGather-Info.plist in Resources */,
				6341EF2E1EE91B2300FF119F /* LaunchScreen.storyboard in Resources */,
			);
			runOnlyForDeploymentPostprocessing = 0;
		};
/* End PBXResourcesBuildPhase section */

/* Begin PBXSourcesBuildPhase section */
		63B568561E7A3E0400B2115E /* Sources */ = {
			isa = PBXSourcesBuildPhase;
			buildActionMask = 2147483647;
			files = (
				63B568601E7A3E0400B2115E /* ViewController.swift in Sources */,
				638494EE1EEBA2FF00DA08F1 /* YJKVObservingExtension.swift in Sources */,
				638494F71EEBA2FF00DA08F1 /* UIViewControllerExtension.swift in Sources */,
				638494EC1EEBA2FF00DA08F1 /* StringExtension.swift in Sources */,
				638494ED1EEBA2FF00DA08F1 /* YJBundleExt.swift in Sources */,
				631E81C01EED87DB0077E99E /* ArrayExt.swift in Sources */,
				638494F41EEBA2FF00DA08F1 /* UIResponderExtension.swift in Sources */,
				638494F61EEBA2FF00DA08F1 /* UITextFieldExtension.swift in Sources */,
				63F2ADC81ED28DA400B4BC89 /* SubViewController.swift in Sources */,
				638494EA1EEBA2FF00DA08F1 /* DispatchQueueExt.swift in Sources */,
				638494EB1EEBA2FF00DA08F1 /* NSObjectExt.swift in Sources */,
				63B5685E1E7A3E0400B2115E /* AppDelegate.swift in Sources */,
				638494EF1EEBA2FF00DA08F1 /* UIAlertControllerExt.swift in Sources */,
				638494F01EEBA2FF00DA08F1 /* UIBarButtonItemExtension.swift in Sources */,
				638494F81EEBA2FF00DA08F1 /* UIViewExtension.swift in Sources */,
				638494FA1EEBA63400DA08F1 /* YJSwiftExtensions.swift in Sources */,
				638494F51EEBA2FF00DA08F1 /* UIScrollViewExtension.swift in Sources */,
				638494E91EEBA2FF00DA08F1 /* DateExt.swift in Sources */,
				638494F31EEBA2FF00DA08F1 /* UINavigationControllerExt.swift in Sources */,
				638494F11EEBA2FF00DA08F1 /* UIColorExtension.swift in Sources */,
				638494F21EEBA2FF00DA08F1 /* UINavigationBarExt.swift in Sources */,
			);
			runOnlyForDeploymentPostprocessing = 0;
		};
/* End PBXSourcesBuildPhase section */

/* Begin XCBuildConfiguration section */
		63B5686A1E7A3E0400B2115E /* Debug */ = {
			isa = XCBuildConfiguration;
			buildSettings = {
				ALWAYS_SEARCH_USER_PATHS = NO;
				CLANG_ANALYZER_NONNULL = YES;
				CLANG_CXX_LANGUAGE_STANDARD = "gnu++0x";
				CLANG_CXX_LIBRARY = "libc++";
				CLANG_ENABLE_MODULES = YES;
				CLANG_ENABLE_OBJC_ARC = YES;
				CLANG_WARN_BOOL_CONVERSION = YES;
				CLANG_WARN_CONSTANT_CONVERSION = YES;
				CLANG_WARN_DIRECT_OBJC_ISA_USAGE = YES_ERROR;
				CLANG_WARN_DOCUMENTATION_COMMENTS = YES;
				CLANG_WARN_EMPTY_BODY = YES;
				CLANG_WARN_ENUM_CONVERSION = YES;
				CLANG_WARN_INFINITE_RECURSION = YES;
				CLANG_WARN_INT_CONVERSION = YES;
				CLANG_WARN_OBJC_ROOT_CLASS = YES_ERROR;
				CLANG_WARN_SUSPICIOUS_MOVES = YES;
				CLANG_WARN_UNREACHABLE_CODE = YES;
				CLANG_WARN__DUPLICATE_METHOD_MATCH = YES;
				"CODE_SIGN_IDENTITY[sdk=iphoneos*]" = "iPhone Developer";
				COPY_PHASE_STRIP = NO;
				DEBUG_INFORMATION_FORMAT = dwarf;
				ENABLE_STRICT_OBJC_MSGSEND = YES;
				ENABLE_TESTABILITY = YES;
				GCC_C_LANGUAGE_STANDARD = gnu99;
				GCC_DYNAMIC_NO_PIC = NO;
				GCC_NO_COMMON_BLOCKS = YES;
				GCC_OPTIMIZATION_LEVEL = 0;
				GCC_PREPROCESSOR_DEFINITIONS = (
					"DEBUG=1",
					"$(inherited)",
				);
				GCC_WARN_64_TO_32_BIT_CONVERSION = YES;
				GCC_WARN_ABOUT_RETURN_TYPE = YES_ERROR;
				GCC_WARN_UNDECLARED_SELECTOR = YES;
				GCC_WARN_UNINITIALIZED_AUTOS = YES_AGGRESSIVE;
				GCC_WARN_UNUSED_FUNCTION = YES;
				GCC_WARN_UNUSED_VARIABLE = YES;
				IPHONEOS_DEPLOYMENT_TARGET = 10.0;
				MTL_ENABLE_DEBUG_INFO = YES;
				ONLY_ACTIVE_ARCH = YES;
				SDKROOT = iphoneos;
				SWIFT_ACTIVE_COMPILATION_CONDITIONS = DEBUG;
				SWIFT_OPTIMIZATION_LEVEL = "-Onone";
			};
			name = Debug;
		};
		63B5686B1E7A3E0400B2115E /* Release */ = {
			isa = XCBuildConfiguration;
			buildSettings = {
				ALWAYS_SEARCH_USER_PATHS = NO;
				CLANG_ANALYZER_NONNULL = YES;
				CLANG_CXX_LANGUAGE_STANDARD = "gnu++0x";
				CLANG_CXX_LIBRARY = "libc++";
				CLANG_ENABLE_MODULES = YES;
				CLANG_ENABLE_OBJC_ARC = YES;
				CLANG_WARN_BOOL_CONVERSION = YES;
				CLANG_WARN_CONSTANT_CONVERSION = YES;
				CLANG_WARN_DIRECT_OBJC_ISA_USAGE = YES_ERROR;
				CLANG_WARN_DOCUMENTATION_COMMENTS = YES;
				CLANG_WARN_EMPTY_BODY = YES;
				CLANG_WARN_ENUM_CONVERSION = YES;
				CLANG_WARN_INFINITE_RECURSION = YES;
				CLANG_WARN_INT_CONVERSION = YES;
				CLANG_WARN_OBJC_ROOT_CLASS = YES_ERROR;
				CLANG_WARN_SUSPICIOUS_MOVES = YES;
				CLANG_WARN_UNREACHABLE_CODE = YES;
				CLANG_WARN__DUPLICATE_METHOD_MATCH = YES;
				"CODE_SIGN_IDENTITY[sdk=iphoneos*]" = "iPhone Developer";
				COPY_PHASE_STRIP = NO;
				DEBUG_INFORMATION_FORMAT = "dwarf-with-dsym";
				ENABLE_NS_ASSERTIONS = NO;
				ENABLE_STRICT_OBJC_MSGSEND = YES;
				GCC_C_LANGUAGE_STANDARD = gnu99;
				GCC_NO_COMMON_BLOCKS = YES;
				GCC_WARN_64_TO_32_BIT_CONVERSION = YES;
				GCC_WARN_ABOUT_RETURN_TYPE = YES_ERROR;
				GCC_WARN_UNDECLARED_SELECTOR = YES;
				GCC_WARN_UNINITIALIZED_AUTOS = YES_AGGRESSIVE;
				GCC_WARN_UNUSED_FUNCTION = YES;
				GCC_WARN_UNUSED_VARIABLE = YES;
				IPHONEOS_DEPLOYMENT_TARGET = 10.0;
				MTL_ENABLE_DEBUG_INFO = NO;
				SDKROOT = iphoneos;
				SWIFT_OPTIMIZATION_LEVEL = "-Owholemodule";
				VALIDATE_PRODUCT = YES;
			};
			name = Release;
		};
		63B5686D1E7A3E0400B2115E /* Debug */ = {
			isa = XCBuildConfiguration;
			buildSettings = {
				ASSETCATALOG_COMPILER_APPICON_NAME = AppIcon;
				"CODE_SIGN_IDENTITY[sdk=iphoneos*]" = "iPhone Developer";
				DEVELOPMENT_TEAM = 33JZ8ZWGJN;
				INFOPLIST_FILE = "YJExtensionsGather/SupportFiles/YJExtensionsGather-Info.plist";
				LD_RUNPATH_SEARCH_PATHS = "$(inherited) @executable_path/Frameworks";
				PRODUCT_BUNDLE_IDENTIFIER = com.houmanager.demo;
				PRODUCT_NAME = "$(TARGET_NAME)";
				SWIFT_VERSION = 3.0;
			};
			name = Debug;
		};
		63B5686E1E7A3E0400B2115E /* Release */ = {
			isa = XCBuildConfiguration;
			buildSettings = {
				ASSETCATALOG_COMPILER_APPICON_NAME = AppIcon;
				"CODE_SIGN_IDENTITY[sdk=iphoneos*]" = "iPhone Developer";
				DEVELOPMENT_TEAM = 33JZ8ZWGJN;
				INFOPLIST_FILE = "YJExtensionsGather/SupportFiles/YJExtensionsGather-Info.plist";
				LD_RUNPATH_SEARCH_PATHS = "$(inherited) @executable_path/Frameworks";
				PRODUCT_BUNDLE_IDENTIFIER = com.houmanager.demo;
				PRODUCT_NAME = "$(TARGET_NAME)";
				SWIFT_VERSION = 3.0;
			};
			name = Release;
		};
/* End XCBuildConfiguration section */

/* Begin XCConfigurationList section */
		63B568551E7A3E0400B2115E /* Build configuration list for PBXProject "YJExtensionsGather" */ = {
			isa = XCConfigurationList;
			buildConfigurations = (
				63B5686A1E7A3E0400B2115E /* Debug */,
				63B5686B1E7A3E0400B2115E /* Release */,
			);
			defaultConfigurationIsVisible = 0;
			defaultConfigurationName = Release;
		};
		63B5686C1E7A3E0400B2115E /* Build configuration list for PBXNativeTarget "YJExtensionsGather" */ = {
			isa = XCConfigurationList;
			buildConfigurations = (
				63B5686D1E7A3E0400B2115E /* Debug */,
				63B5686E1E7A3E0400B2115E /* Release */,
			);
			defaultConfigurationIsVisible = 0;
			defaultConfigurationName = Release;
		};
/* End XCConfigurationList section */
	};
	rootObject = 63B568521E7A3E0400B2115E /* Project object */;
}
